
Microsoft Visual Studio Solution File, Format Version 12.00
# Visual Studio Version 17
VisualStudioVersion = 17.2.32630.192
MinimumVisualStudioVersion = 10.0.40219.1
Project("{FAE04EC0-301F-11D3-BF4B-00C04F79EFBC}") = "Heaps", "Heaps\Heaps.csproj", "{6359274D-4207-4676-8664-ED2A0F28FA50}"
EndProject
Project("{2150E333-8FDC-42A3-9474-1A3956D46DE8}") = "Solution Items", "Solution Items", "{D88D6BF7-463B-439B-BF58-CFE7660D30B8}"
EndProject
Project("{2150E333-8FDC-42A3-9474-1A3956D46DE8}") = "Greedy", "Greedy", "{D971B6EF-9AC5-4EB6-9C59-FD0C65FC0A76}"
EndProject
Project("{FAE04EC0-301F-11D3-BF4B-00C04F79EFBC}") = "GreedyProblems", "GreedyProblems\GreedyProblems.csproj", "{83330281-D1D7-423E-A59E-C030B6F85F72}"
EndProject
Project("{FAE04EC0-301F-11D3-BF4B-00C04F79EFBC}") = "Stack", "Stack\Stack.csproj", "{E3A69C6E-0681-42B3-8C1E-7C4FC8F17FB9}"
EndProject
Project("{2150E333-8FDC-42A3-9474-1A3956D46DE8}") = "ArraysRevision", "ArraysRevision", "{0EEF3004-CEBC-47A6-A89D-268AC8529A25}"
EndProject
Project("{FAE04EC0-301F-11D3-BF4B-00C04F79EFBC}") = "ArraysRevision", "ArraysRevision\ArraysRevision.csproj", "{E47FD502-9DAC-40F3-8AC4-72CC8026F687}"
EndProject
Project("{2150E333-8FDC-42A3-9474-1A3956D46DE8}") = "BackTracking", "BackTracking", "{B846CB69-4796-417F-A51B-17231B41F45D}"
EndProject
Project("{FAE04EC0-301F-11D3-BF4B-00C04F79EFBC}") = "BackTracking", "BackTracking\BackTracking.csproj", "{7723730F-4BD3-4382-85E6-31361ACBA30B}"
EndProject
Project("{2150E333-8FDC-42A3-9474-1A3956D46DE8}") = "Recursion", "Recursion", "{B23ECC50-7501-4637-A75B-5ABDC14BF809}"
	ProjectSection(SolutionItems) = preProject
		BackTracking\Sixlets.cs = BackTracking\Sixlets.cs
	EndProjectSection
EndProject
Project("{FAE04EC0-301F-11D3-BF4B-00C04F79EFBC}") = "RecursionRevision", "RecursionRevision\RecursionRevision.csproj", "{037207D7-D0F5-4C34-B7E6-C800E442D0EB}"
EndProject
Project("{2150E333-8FDC-42A3-9474-1A3956D46DE8}") = "DP", "DP", "{A3AD8D1E-E1ED-4EEB-8372-B87F8626E8A9}"
EndProject
Project("{FAE04EC0-301F-11D3-BF4B-00C04F79EFBC}") = "DynamicProgramming", "DynamicProgramming\DynamicProgramming.csproj", "{2C6CC41F-BDED-4F7C-B231-92C1B41C01E9}"
EndProject
Project("{2150E333-8FDC-42A3-9474-1A3956D46DE8}") = "Graph", "Graph", "{4F58992E-7243-4AC4-941A-067FAB618374}"
EndProject
Project("{FAE04EC0-301F-11D3-BF4B-00C04F79EFBC}") = "GraphProblemProject", "GraphProblemProject\GraphProblemProject.csproj", "{352F0FDA-DCED-49CF-AD51-F6184C850B94}"
EndProject
Project("{2150E333-8FDC-42A3-9474-1A3956D46DE8}") = "LeetCode", "LeetCode", "{B3379BF9-A6A7-4CAF-9E54-5A6A2F8E7145}"
EndProject
Project("{9A19103F-16F7-4668-BE54-9A1E7A4F7556}") = "ArraysMaths", "ArraysMaths\ArraysMaths.csproj", "{A3A020F0-9C91-47FE-A5A3-4CE3D2B29A46}"
EndProject
Project("{2150E333-8FDC-42A3-9474-1A3956D46DE8}") = "BinarySearch", "BinarySearch", "{B1F53C1B-96E2-40DC-948D-40D198D2F9E8}"
EndProject
Project("{FAE04EC0-301F-11D3-BF4B-00C04F79EFBC}") = "BinarySearchPractice", "BinarySearchPractice\BinarySearchPractice.csproj", "{E27CF76C-E49E-4F00-B09C-20499C67E5DC}"
EndProject
Project("{2150E333-8FDC-42A3-9474-1A3956D46DE8}") = "LinkedListPractice", "LinkedListPractice", "{38E11424-5331-4970-A6B0-F6D15307C0C0}"
EndProject
Project("{FAE04EC0-301F-11D3-BF4B-00C04F79EFBC}") = "LinkedList", "LinkedList\LinkedList.csproj", "{D294C0F3-6449-4F97-B6A1-045EA079C715}"
EndProject
Global
	GlobalSection(SolutionConfigurationPlatforms) = preSolution
		Debug|Any CPU = Debug|Any CPU
		Release|Any CPU = Release|Any CPU
	EndGlobalSection
	GlobalSection(ProjectConfigurationPlatforms) = postSolution
		{6359274D-4207-4676-8664-ED2A0F28FA50}.Debug|Any CPU.ActiveCfg = Debug|Any CPU
		{6359274D-4207-4676-8664-ED2A0F28FA50}.Debug|Any CPU.Build.0 = Debug|Any CPU
		{6359274D-4207-4676-8664-ED2A0F28FA50}.Release|Any CPU.ActiveCfg = Release|Any CPU
		{6359274D-4207-4676-8664-ED2A0F28FA50}.Release|Any CPU.Build.0 = Release|Any CPU
		{83330281-D1D7-423E-A59E-C030B6F85F72}.Debug|Any CPU.ActiveCfg = Debug|Any CPU
		{83330281-D1D7-423E-A59E-C030B6F85F72}.Debug|Any CPU.Build.0 = Debug|Any CPU
		{83330281-D1D7-423E-A59E-C030B6F85F72}.Release|Any CPU.ActiveCfg = Release|Any CPU
		{83330281-D1D7-423E-A59E-C030B6F85F72}.Release|Any CPU.Build.0 = Release|Any CPU
		{E3A69C6E-0681-42B3-8C1E-7C4FC8F17FB9}.Debug|Any CPU.ActiveCfg = Debug|Any CPU
		{E3A69C6E-0681-42B3-8C1E-7C4FC8F17FB9}.Debug|Any CPU.Build.0 = Debug|Any CPU
		{E3A69C6E-0681-42B3-8C1E-7C4FC8F17FB9}.Release|Any CPU.ActiveCfg = Release|Any CPU
		{E3A69C6E-0681-42B3-8C1E-7C4FC8F17FB9}.Release|Any CPU.Build.0 = Release|Any CPU
		{E47FD502-9DAC-40F3-8AC4-72CC8026F687}.Debug|Any CPU.ActiveCfg = Debug|Any CPU
		{E47FD502-9DAC-40F3-8AC4-72CC8026F687}.Debug|Any CPU.Build.0 = Debug|Any CPU
		{E47FD502-9DAC-40F3-8AC4-72CC8026F687}.Release|Any CPU.ActiveCfg = Release|Any CPU
		{E47FD502-9DAC-40F3-8AC4-72CC8026F687}.Release|Any CPU.Build.0 = Release|Any CPU
		{7723730F-4BD3-4382-85E6-31361ACBA30B}.Debug|Any CPU.ActiveCfg = Debug|Any CPU
		{7723730F-4BD3-4382-85E6-31361ACBA30B}.Debug|Any CPU.Build.0 = Debug|Any CPU
		{7723730F-4BD3-4382-85E6-31361ACBA30B}.Release|Any CPU.ActiveCfg = Release|Any CPU
		{7723730F-4BD3-4382-85E6-31361ACBA30B}.Release|Any CPU.Build.0 = Release|Any CPU
		{037207D7-D0F5-4C34-B7E6-C800E442D0EB}.Debug|Any CPU.ActiveCfg = Debug|Any CPU
		{037207D7-D0F5-4C34-B7E6-C800E442D0EB}.Debug|Any CPU.Build.0 = Debug|Any CPU
		{037207D7-D0F5-4C34-B7E6-C800E442D0EB}.Release|Any CPU.ActiveCfg = Release|Any CPU
		{037207D7-D0F5-4C34-B7E6-C800E442D0EB}.Release|Any CPU.Build.0 = Release|Any CPU
		{2C6CC41F-BDED-4F7C-B231-92C1B41C01E9}.Debug|Any CPU.ActiveCfg = Debug|Any CPU
		{2C6CC41F-BDED-4F7C-B231-92C1B41C01E9}.Debug|Any CPU.Build.0 = Debug|Any CPU
		{2C6CC41F-BDED-4F7C-B231-92C1B41C01E9}.Release|Any CPU.ActiveCfg = Release|Any CPU
		{2C6CC41F-BDED-4F7C-B231-92C1B41C01E9}.Release|Any CPU.Build.0 = Release|Any CPU
		{352F0FDA-DCED-49CF-AD51-F6184C850B94}.Debug|Any CPU.ActiveCfg = Debug|Any CPU
		{352F0FDA-DCED-49CF-AD51-F6184C850B94}.Debug|Any CPU.Build.0 = Debug|Any CPU
		{352F0FDA-DCED-49CF-AD51-F6184C850B94}.Release|Any CPU.ActiveCfg = Release|Any CPU
		{352F0FDA-DCED-49CF-AD51-F6184C850B94}.Release|Any CPU.Build.0 = Release|Any CPU
		{A3A020F0-9C91-47FE-A5A3-4CE3D2B29A46}.Debug|Any CPU.ActiveCfg = Debug|Any CPU
		{A3A020F0-9C91-47FE-A5A3-4CE3D2B29A46}.Debug|Any CPU.Build.0 = Debug|Any CPU
		{A3A020F0-9C91-47FE-A5A3-4CE3D2B29A46}.Release|Any CPU.ActiveCfg = Release|Any CPU
		{A3A020F0-9C91-47FE-A5A3-4CE3D2B29A46}.Release|Any CPU.Build.0 = Release|Any CPU
		{E27CF76C-E49E-4F00-B09C-20499C67E5DC}.Debug|Any CPU.ActiveCfg = Debug|Any CPU
		{E27CF76C-E49E-4F00-B09C-20499C67E5DC}.Debug|Any CPU.Build.0 = Debug|Any CPU
		{E27CF76C-E49E-4F00-B09C-20499C67E5DC}.Release|Any CPU.ActiveCfg = Release|Any CPU
		{E27CF76C-E49E-4F00-B09C-20499C67E5DC}.Release|Any CPU.Build.0 = Release|Any CPU
		{D294C0F3-6449-4F97-B6A1-045EA079C715}.Debug|Any CPU.ActiveCfg = Debug|Any CPU
		{D294C0F3-6449-4F97-B6A1-045EA079C715}.Debug|Any CPU.Build.0 = Debug|Any CPU
		{D294C0F3-6449-4F97-B6A1-045EA079C715}.Release|Any CPU.ActiveCfg = Release|Any CPU
		{D294C0F3-6449-4F97-B6A1-045EA079C715}.Release|Any CPU.Build.0 = Release|Any CPU
	EndGlobalSection
	GlobalSection(SolutionProperties) = preSolution
		HideSolutionNode = FALSE
	EndGlobalSection
	GlobalSection(NestedProjects) = preSolution
		{83330281-D1D7-423E-A59E-C030B6F85F72} = {D971B6EF-9AC5-4EB6-9C59-FD0C65FC0A76}
		{E47FD502-9DAC-40F3-8AC4-72CC8026F687} = {0EEF3004-CEBC-47A6-A89D-268AC8529A25}
		{7723730F-4BD3-4382-85E6-31361ACBA30B} = {B846CB69-4796-417F-A51B-17231B41F45D}
		{037207D7-D0F5-4C34-B7E6-C800E442D0EB} = {B23ECC50-7501-4637-A75B-5ABDC14BF809}
		{2C6CC41F-BDED-4F7C-B231-92C1B41C01E9} = {A3AD8D1E-E1ED-4EEB-8372-B87F8626E8A9}
		{4F58992E-7243-4AC4-941A-067FAB618374} = {B846CB69-4796-417F-A51B-17231B41F45D}
		{352F0FDA-DCED-49CF-AD51-F6184C850B94} = {4F58992E-7243-4AC4-941A-067FAB618374}
		{B3379BF9-A6A7-4CAF-9E54-5A6A2F8E7145} = {0EEF3004-CEBC-47A6-A89D-268AC8529A25}
		{B1F53C1B-96E2-40DC-948D-40D198D2F9E8} = {0EEF3004-CEBC-47A6-A89D-268AC8529A25}
		{E27CF76C-E49E-4F00-B09C-20499C67E5DC} = {B1F53C1B-96E2-40DC-948D-40D198D2F9E8}
		{D294C0F3-6449-4F97-B6A1-045EA079C715} = {38E11424-5331-4970-A6B0-F6D15307C0C0}
	EndGlobalSection
	GlobalSection(ExtensibilityGlobals) = postSolution
		SolutionGuid = {1B112CFF-0D45-4216-A02F-A186BB6DB431}
	EndGlobalSection
EndGlobal
